
Microsoft Visual Studio Solution File, Format Version 12.00
# Visual Studio Version 17
VisualStudioVersion = 17.9.34616.47
MinimumVisualStudioVersion = 10.0.40219.1
Project("{FAE04EC0-301F-11D3-BF4B-00C04F79EFBC}") = "ERS.playground.Lists.ConsoleApp", "ERS.playground.Lists.ConsoleApp\ERS.playground.Lists.ConsoleApp.csproj", "{BD0CD3CC-24C4-4A19-A3A8-3FA43CC07EEC}"
EndProject
Global
	GlobalSection(SolutionConfigurationPlatforms) = preSolution
		Debug|Any CPU = Debug|Any CPU
		Release|Any CPU = Release|Any CPU
	EndGlobalSection
	GlobalSection(ProjectConfigurationPlatforms) = postSolution
		{BD0CD3CC-24C4-4A19-A3A8-3FA43CC07EEC}.Debug|Any CPU.ActiveCfg = Debug|Any CPU
		{BD0CD3CC-24C4-4A19-A3A8-3FA43CC07EEC}.Debug|Any CPU.Build.0 = Debug|Any CPU
		{BD0CD3CC-24C4-4A19-A3A8-3FA43CC07EEC}.Release|Any CPU.ActiveCfg = Release|Any CPU
		{BD0CD3CC-24C4-4A19-A3A8-3FA43CC07EEC}.Release|Any CPU.Build.0 = Release|Any CPU
	EndGlobalSection
	GlobalSection(SolutionProperties) = preSolution
		HideSolutionNode = FALSE
	EndGlobalSection
	GlobalSection(ExtensibilityGlobals) = postSolution
		SolutionGuid = {F4F48588-7B40-4B15-AE30-FFE6E09395FD}
	EndGlobalSection
EndGlobal
